
Microsoft Visual Studio Solution File, Format Version 12.00
# Visual Studio Version 16
VisualStudioVersion = 16.0.30804.86
MinimumVisualStudioVersion = 10.0.40219.1
Project("{FAE04EC0-301F-11D3-BF4B-00C04F79EFBC}") = "WeilerGewinnRechner", "WeilerGewinnRechner\WeilerGewinnRechner.csproj", "{C978D658-8062-4C65-A64A-F2E3E7048F3D}"
EndProject
Global
	GlobalSection(SolutionConfigurationPlatforms) = preSolution
		Debug|Any CPU = Debug|Any CPU
		Release|Any CPU = Release|Any CPU
	EndGlobalSection
	GlobalSection(ProjectConfigurationPlatforms) = postSolution
		{C978D658-8062-4C65-A64A-F2E3E7048F3D}.Debug|Any CPU.ActiveCfg = Debug|Any CPU
		{C978D658-8062-4C65-A64A-F2E3E7048F3D}.Debug|Any CPU.Build.0 = Debug|Any CPU
		{C978D658-8062-4C65-A64A-F2E3E7048F3D}.Release|Any CPU.ActiveCfg = Release|Any CPU
		{C978D658-8062-4C65-A64A-F2E3E7048F3D}.Release|Any CPU.Build.0 = Release|Any CPU
	EndGlobalSection
	GlobalSection(SolutionProperties) = preSolution
		HideSolutionNode = FALSE
	EndGlobalSection
	GlobalSection(ExtensibilityGlobals) = postSolution
		SolutionGuid = {1CC1FBD2-3DA3-4201-A904-5509E929791A}
	EndGlobalSection
EndGlobal
